
Microsoft Visual Studio Solution File, Format Version 12.00
# Visual Studio Version 17
VisualStudioVersion = 17.2.32317.152
MinimumVisualStudioVersion = 10.0.40219.1
Project("{FAE04EC0-301F-11D3-BF4B-00C04F79EFBC}") = "HalloSingelton", "HalloSingelton\HalloSingelton.csproj", "{76601705-4EFB-4EC1-9EC2-113BF66B8217}"
EndProject
Global
	GlobalSection(SolutionConfigurationPlatforms) = preSolution
		Debug|Any CPU = Debug|Any CPU
		Release|Any CPU = Release|Any CPU
	EndGlobalSection
	GlobalSection(ProjectConfigurationPlatforms) = postSolution
		{76601705-4EFB-4EC1-9EC2-113BF66B8217}.Debug|Any CPU.ActiveCfg = Debug|Any CPU
		{76601705-4EFB-4EC1-9EC2-113BF66B8217}.Debug|Any CPU.Build.0 = Debug|Any CPU
		{76601705-4EFB-4EC1-9EC2-113BF66B8217}.Release|Any CPU.ActiveCfg = Release|Any CPU
		{76601705-4EFB-4EC1-9EC2-113BF66B8217}.Release|Any CPU.Build.0 = Release|Any CPU
	EndGlobalSection
	GlobalSection(SolutionProperties) = preSolution
		HideSolutionNode = FALSE
	EndGlobalSection
	GlobalSection(ExtensibilityGlobals) = postSolution
		SolutionGuid = {E4050928-5FB1-4E90-8505-B4F6D96526E5}
	EndGlobalSection
EndGlobal
