
Microsoft Visual Studio Solution File, Format Version 12.00
# Visual Studio Version 17
VisualStudioVersion = 17.2.32317.152
MinimumVisualStudioVersion = 10.0.40219.1
Project("{9A19103F-16F7-4668-BE54-9A1E7A4F7556}") = "ppedv.Foodybrät.Model", "ppedv.Foodybrät.Model\ppedv.Foodybrät.Model.csproj", "{4FAC883A-45FA-406B-9B51-1F4F731F1230}"
EndProject
Project("{FAE04EC0-301F-11D3-BF4B-00C04F79EFBC}") = "ppedv.Foodybrät.Data.EfCore", "ppedv.Foodybrät.Data.EfCore\ppedv.Foodybrät.Data.EfCore.csproj", "{4F05086D-DC78-4DC6-B8BF-F0AD923E9195}"
EndProject
Project("{FAE04EC0-301F-11D3-BF4B-00C04F79EFBC}") = "ppedv.Foodybrät.Data.EfCore.Tests", "ppedv.Foodybrät.Data.EfCore.Tests\ppedv.Foodybrät.Data.EfCore.Tests.csproj", "{14C4ACC3-1C79-4721-805F-D4592AE97C59}"
EndProject
Global
	GlobalSection(SolutionConfigurationPlatforms) = preSolution
		Debug|Any CPU = Debug|Any CPU
		Release|Any CPU = Release|Any CPU
	EndGlobalSection
	GlobalSection(ProjectConfigurationPlatforms) = postSolution
		{4FAC883A-45FA-406B-9B51-1F4F731F1230}.Debug|Any CPU.ActiveCfg = Debug|Any CPU
		{4FAC883A-45FA-406B-9B51-1F4F731F1230}.Debug|Any CPU.Build.0 = Debug|Any CPU
		{4FAC883A-45FA-406B-9B51-1F4F731F1230}.Release|Any CPU.ActiveCfg = Release|Any CPU
		{4FAC883A-45FA-406B-9B51-1F4F731F1230}.Release|Any CPU.Build.0 = Release|Any CPU
		{4F05086D-DC78-4DC6-B8BF-F0AD923E9195}.Debug|Any CPU.ActiveCfg = Debug|Any CPU
		{4F05086D-DC78-4DC6-B8BF-F0AD923E9195}.Debug|Any CPU.Build.0 = Debug|Any CPU
		{4F05086D-DC78-4DC6-B8BF-F0AD923E9195}.Release|Any CPU.ActiveCfg = Release|Any CPU
		{4F05086D-DC78-4DC6-B8BF-F0AD923E9195}.Release|Any CPU.Build.0 = Release|Any CPU
		{14C4ACC3-1C79-4721-805F-D4592AE97C59}.Debug|Any CPU.ActiveCfg = Debug|Any CPU
		{14C4ACC3-1C79-4721-805F-D4592AE97C59}.Debug|Any CPU.Build.0 = Debug|Any CPU
		{14C4ACC3-1C79-4721-805F-D4592AE97C59}.Release|Any CPU.ActiveCfg = Release|Any CPU
		{14C4ACC3-1C79-4721-805F-D4592AE97C59}.Release|Any CPU.Build.0 = Release|Any CPU
	EndGlobalSection
	GlobalSection(SolutionProperties) = preSolution
		HideSolutionNode = FALSE
	EndGlobalSection
	GlobalSection(ExtensibilityGlobals) = postSolution
		SolutionGuid = {21B9F49F-F07B-432A-ADC0-57F8731C8DB9}
	EndGlobalSection
EndGlobal
