
Microsoft Visual Studio Solution File, Format Version 12.00
# Visual Studio Version 17
VisualStudioVersion = 17.2.32317.152
MinimumVisualStudioVersion = 10.0.40219.1
Project("{9A19103F-16F7-4668-BE54-9A1E7A4F7556}") = "ppedv.Foodybrät.Model", "ppedv.Foodybrät.Model\ppedv.Foodybrät.Model.csproj", "{4FAC883A-45FA-406B-9B51-1F4F731F1230}"
EndProject
Project("{9A19103F-16F7-4668-BE54-9A1E7A4F7556}") = "ppedv.Foodybrät.Data.EfCore", "ppedv.Foodybrät.Data.EfCore\ppedv.Foodybrät.Data.EfCore.csproj", "{4F05086D-DC78-4DC6-B8BF-F0AD923E9195}"
EndProject
Project("{9A19103F-16F7-4668-BE54-9A1E7A4F7556}") = "ppedv.Foodybrät.Data.EfCore.Tests", "ppedv.Foodybrät.Data.EfCore.Tests\ppedv.Foodybrät.Data.EfCore.Tests.csproj", "{14C4ACC3-1C79-4721-805F-D4592AE97C59}"
EndProject
Project("{9A19103F-16F7-4668-BE54-9A1E7A4F7556}") = "ppedv.Foodybrät.Logic", "ppedv.Foodybrät.Logic\ppedv.Foodybrät.Logic.csproj", "{249EE682-A49F-4000-ADD2-AABA2C41CFFA}"
EndProject
Project("{9A19103F-16F7-4668-BE54-9A1E7A4F7556}") = "ppedv.Foodybrät.Contracts", "ppedv.Foodybrät.Contracts\ppedv.Foodybrät.Contracts.csproj", "{87E9220E-1B7F-4650-AA92-E696792B009B}"
EndProject
Project("{9A19103F-16F7-4668-BE54-9A1E7A4F7556}") = "ppedv.Foodybrät.UI.TestConsole", "ppedv.Foodybrät.UI.TestConsole\ppedv.Foodybrät.UI.TestConsole.csproj", "{6ABDE2B7-8B88-4DDB-BDCB-9CFDDA603CD3}"
EndProject
Project("{9A19103F-16F7-4668-BE54-9A1E7A4F7556}") = "ppedv.Foodybrät.Logic.Tests", "ppedv.Foodybrät.Logic.Tests\ppedv.Foodybrät.Logic.Tests.csproj", "{B1101D97-E22F-4DF2-ACDE-F26AFA39D3A3}"
EndProject
Project("{9A19103F-16F7-4668-BE54-9A1E7A4F7556}") = "ppedv.Foodybrät.API", "ppedv.Foodybrät.API\ppedv.Foodybrät.API.csproj", "{33748D06-E747-474F-8ECC-9E28725CBBDA}"
EndProject
Project("{9A19103F-16F7-4668-BE54-9A1E7A4F7556}") = "ppedv.Foodybrät.UI.ASP_MVC", "ppedv.Foodybrät.UI.ASP_MVC\ppedv.Foodybrät.UI.ASP_MVC.csproj", "{00214FF2-933F-4783-B2F8-671793EFD49C}"
EndProject
Project("{FAE04EC0-301F-11D3-BF4B-00C04F79EFBC}") = "ppedv.Foodybrät.UI.WPF", "ppedv.Foodybrät.UI.WPF\ppedv.Foodybrät.UI.WPF.csproj", "{FD95F2AB-AD7D-4F74-8035-915FD138D4F1}"
EndProject
Global
	GlobalSection(SolutionConfigurationPlatforms) = preSolution
		Debug|Any CPU = Debug|Any CPU
		Release|Any CPU = Release|Any CPU
	EndGlobalSection
	GlobalSection(ProjectConfigurationPlatforms) = postSolution
		{4FAC883A-45FA-406B-9B51-1F4F731F1230}.Debug|Any CPU.ActiveCfg = Debug|Any CPU
		{4FAC883A-45FA-406B-9B51-1F4F731F1230}.Debug|Any CPU.Build.0 = Debug|Any CPU
		{4FAC883A-45FA-406B-9B51-1F4F731F1230}.Release|Any CPU.ActiveCfg = Release|Any CPU
		{4FAC883A-45FA-406B-9B51-1F4F731F1230}.Release|Any CPU.Build.0 = Release|Any CPU
		{4F05086D-DC78-4DC6-B8BF-F0AD923E9195}.Debug|Any CPU.ActiveCfg = Debug|Any CPU
		{4F05086D-DC78-4DC6-B8BF-F0AD923E9195}.Debug|Any CPU.Build.0 = Debug|Any CPU
		{4F05086D-DC78-4DC6-B8BF-F0AD923E9195}.Release|Any CPU.ActiveCfg = Release|Any CPU
		{4F05086D-DC78-4DC6-B8BF-F0AD923E9195}.Release|Any CPU.Build.0 = Release|Any CPU
		{14C4ACC3-1C79-4721-805F-D4592AE97C59}.Debug|Any CPU.ActiveCfg = Debug|Any CPU
		{14C4ACC3-1C79-4721-805F-D4592AE97C59}.Debug|Any CPU.Build.0 = Debug|Any CPU
		{14C4ACC3-1C79-4721-805F-D4592AE97C59}.Release|Any CPU.ActiveCfg = Release|Any CPU
		{14C4ACC3-1C79-4721-805F-D4592AE97C59}.Release|Any CPU.Build.0 = Release|Any CPU
		{249EE682-A49F-4000-ADD2-AABA2C41CFFA}.Debug|Any CPU.ActiveCfg = Debug|Any CPU
		{249EE682-A49F-4000-ADD2-AABA2C41CFFA}.Debug|Any CPU.Build.0 = Debug|Any CPU
		{249EE682-A49F-4000-ADD2-AABA2C41CFFA}.Release|Any CPU.ActiveCfg = Release|Any CPU
		{249EE682-A49F-4000-ADD2-AABA2C41CFFA}.Release|Any CPU.Build.0 = Release|Any CPU
		{87E9220E-1B7F-4650-AA92-E696792B009B}.Debug|Any CPU.ActiveCfg = Debug|Any CPU
		{87E9220E-1B7F-4650-AA92-E696792B009B}.Debug|Any CPU.Build.0 = Debug|Any CPU
		{87E9220E-1B7F-4650-AA92-E696792B009B}.Release|Any CPU.ActiveCfg = Release|Any CPU
		{87E9220E-1B7F-4650-AA92-E696792B009B}.Release|Any CPU.Build.0 = Release|Any CPU
		{6ABDE2B7-8B88-4DDB-BDCB-9CFDDA603CD3}.Debug|Any CPU.ActiveCfg = Debug|Any CPU
		{6ABDE2B7-8B88-4DDB-BDCB-9CFDDA603CD3}.Debug|Any CPU.Build.0 = Debug|Any CPU
		{6ABDE2B7-8B88-4DDB-BDCB-9CFDDA603CD3}.Release|Any CPU.ActiveCfg = Release|Any CPU
		{6ABDE2B7-8B88-4DDB-BDCB-9CFDDA603CD3}.Release|Any CPU.Build.0 = Release|Any CPU
		{B1101D97-E22F-4DF2-ACDE-F26AFA39D3A3}.Debug|Any CPU.ActiveCfg = Debug|Any CPU
		{B1101D97-E22F-4DF2-ACDE-F26AFA39D3A3}.Debug|Any CPU.Build.0 = Debug|Any CPU
		{B1101D97-E22F-4DF2-ACDE-F26AFA39D3A3}.Release|Any CPU.ActiveCfg = Release|Any CPU
		{B1101D97-E22F-4DF2-ACDE-F26AFA39D3A3}.Release|Any CPU.Build.0 = Release|Any CPU
		{33748D06-E747-474F-8ECC-9E28725CBBDA}.Debug|Any CPU.ActiveCfg = Debug|Any CPU
		{33748D06-E747-474F-8ECC-9E28725CBBDA}.Debug|Any CPU.Build.0 = Debug|Any CPU
		{33748D06-E747-474F-8ECC-9E28725CBBDA}.Release|Any CPU.ActiveCfg = Release|Any CPU
		{33748D06-E747-474F-8ECC-9E28725CBBDA}.Release|Any CPU.Build.0 = Release|Any CPU
		{00214FF2-933F-4783-B2F8-671793EFD49C}.Debug|Any CPU.ActiveCfg = Debug|Any CPU
		{00214FF2-933F-4783-B2F8-671793EFD49C}.Debug|Any CPU.Build.0 = Debug|Any CPU
		{00214FF2-933F-4783-B2F8-671793EFD49C}.Release|Any CPU.ActiveCfg = Release|Any CPU
		{00214FF2-933F-4783-B2F8-671793EFD49C}.Release|Any CPU.Build.0 = Release|Any CPU
		{FD95F2AB-AD7D-4F74-8035-915FD138D4F1}.Debug|Any CPU.ActiveCfg = Debug|Any CPU
		{FD95F2AB-AD7D-4F74-8035-915FD138D4F1}.Debug|Any CPU.Build.0 = Debug|Any CPU
		{FD95F2AB-AD7D-4F74-8035-915FD138D4F1}.Release|Any CPU.ActiveCfg = Release|Any CPU
		{FD95F2AB-AD7D-4F74-8035-915FD138D4F1}.Release|Any CPU.Build.0 = Release|Any CPU
	EndGlobalSection
	GlobalSection(SolutionProperties) = preSolution
		HideSolutionNode = FALSE
	EndGlobalSection
	GlobalSection(ExtensibilityGlobals) = postSolution
		SolutionGuid = {21B9F49F-F07B-432A-ADC0-57F8731C8DB9}
	EndGlobalSection
EndGlobal
