
Microsoft Visual Studio Solution File, Format Version 12.00
# Visual Studio Version 17
VisualStudioVersion = 17.2.32317.152
MinimumVisualStudioVersion = 10.0.40219.1
Project("{FAE04EC0-301F-11D3-BF4B-00C04F79EFBC}") = "Calculator", "Calculator\Calculator.csproj", "{D0BCF37E-9C21-4866-B04E-F241F78E0848}"
EndProject
Project("{FAE04EC0-301F-11D3-BF4B-00C04F79EFBC}") = "Calculator.Tests", "Calculator.Tests\Calculator.Tests.csproj", "{21D413B4-1340-4455-99AD-D143050DD7CD}"
EndProject
Global
	GlobalSection(SolutionConfigurationPlatforms) = preSolution
		Debug|Any CPU = Debug|Any CPU
		Release|Any CPU = Release|Any CPU
	EndGlobalSection
	GlobalSection(ProjectConfigurationPlatforms) = postSolution
		{D0BCF37E-9C21-4866-B04E-F241F78E0848}.Debug|Any CPU.ActiveCfg = Debug|Any CPU
		{D0BCF37E-9C21-4866-B04E-F241F78E0848}.Debug|Any CPU.Build.0 = Debug|Any CPU
		{D0BCF37E-9C21-4866-B04E-F241F78E0848}.Release|Any CPU.ActiveCfg = Release|Any CPU
		{D0BCF37E-9C21-4866-B04E-F241F78E0848}.Release|Any CPU.Build.0 = Release|Any CPU
		{21D413B4-1340-4455-99AD-D143050DD7CD}.Debug|Any CPU.ActiveCfg = Debug|Any CPU
		{21D413B4-1340-4455-99AD-D143050DD7CD}.Debug|Any CPU.Build.0 = Debug|Any CPU
		{21D413B4-1340-4455-99AD-D143050DD7CD}.Release|Any CPU.ActiveCfg = Release|Any CPU
		{21D413B4-1340-4455-99AD-D143050DD7CD}.Release|Any CPU.Build.0 = Release|Any CPU
	EndGlobalSection
	GlobalSection(SolutionProperties) = preSolution
		HideSolutionNode = FALSE
	EndGlobalSection
	GlobalSection(ExtensibilityGlobals) = postSolution
		SolutionGuid = {7A70CB0B-FF5B-410A-B009-0951E3EE66D4}
	EndGlobalSection
EndGlobal
