
Microsoft Visual Studio Solution File, Format Version 12.00
# Visual Studio Version 17
VisualStudioVersion = 17.2.32317.152
MinimumVisualStudioVersion = 10.0.40219.1
Project("{FAE04EC0-301F-11D3-BF4B-00C04F79EFBC}") = "HalloBuilder", "HalloBuilder\HalloBuilder.csproj", "{C3640052-D2F2-49C4-9E31-8BFE91BD34FF}"
EndProject
Global
	GlobalSection(SolutionConfigurationPlatforms) = preSolution
		Debug|Any CPU = Debug|Any CPU
		Release|Any CPU = Release|Any CPU
	EndGlobalSection
	GlobalSection(ProjectConfigurationPlatforms) = postSolution
		{C3640052-D2F2-49C4-9E31-8BFE91BD34FF}.Debug|Any CPU.ActiveCfg = Debug|Any CPU
		{C3640052-D2F2-49C4-9E31-8BFE91BD34FF}.Debug|Any CPU.Build.0 = Debug|Any CPU
		{C3640052-D2F2-49C4-9E31-8BFE91BD34FF}.Release|Any CPU.ActiveCfg = Release|Any CPU
		{C3640052-D2F2-49C4-9E31-8BFE91BD34FF}.Release|Any CPU.Build.0 = Release|Any CPU
	EndGlobalSection
	GlobalSection(SolutionProperties) = preSolution
		HideSolutionNode = FALSE
	EndGlobalSection
	GlobalSection(ExtensibilityGlobals) = postSolution
		SolutionGuid = {9559D086-444E-4B96-8195-1711647C99FB}
	EndGlobalSection
EndGlobal
